
Microsoft Visual Studio Solution File, Format Version 12.00
# Visual Studio Version 17
VisualStudioVersion = 17.10.35013.160
MinimumVisualStudioVersion = 10.0.40219.1
Project("{9A19103F-16F7-4668-BE54-9A1E7A4F7556}") = "OOP.AddAClass", "OOP.AddAClass\OOP.AddAClass.csproj", "{CF267BB1-6BC8-4D1C-AE64-6D3FD83808AF}"
EndProject
Project("{9A19103F-16F7-4668-BE54-9A1E7A4F7556}") = "OOP.Inheritance", "OOP.Inheritance\OOP.Inheritance.csproj", "{5B2F4FC6-40CC-4A4E-9A40-5DB0A84BDE6F}"
EndProject
Project("{9A19103F-16F7-4668-BE54-9A1E7A4F7556}") = "OOP.AbstractClasesAndMethods", "OOP.AbstractClasesAndMethods\OOP.AbstractClasesAndMethods.csproj", "{E51F156C-61CA-460A-9002-1E16813EA0B3}"
EndProject
Project("{9A19103F-16F7-4668-BE54-9A1E7A4F7556}") = "OOP.Interfaces", "OOP.Interfaces\OOP.Interfaces.csproj", "{37C3AAEA-8AA6-41CC-BD59-9D062E64D76D}"
EndProject
Project("{9A19103F-16F7-4668-BE54-9A1E7A4F7556}") = "OOP.Interfaces.IFormattables", "OOP.Interfaces.IFormattable\OOP.Interfaces.IFormattables.csproj", "{5EF66164-8324-43C7-A6A7-0E0C3F7A46B9}"
EndProject
Project("{9A19103F-16F7-4668-BE54-9A1E7A4F7556}") = "OOP.Interface.ICloneables_App", "OOP.Interface.ICloneables_App\OOP.Interface.ICloneables_App.csproj", "{45D132D4-A948-4F88-A5B6-302DEB3C6387}"
EndProject
Project("{9A19103F-16F7-4668-BE54-9A1E7A4F7556}") = "OOP.Interface-IComparable", "OOP.Interface-IComparable\OOP.Interface-IComparable.csproj", "{C1345F21-4718-4A14-9E08-52942922CE23}"
EndProject
Project("{9A19103F-16F7-4668-BE54-9A1E7A4F7556}") = "OOP.Interface-IComparable_T", "OOP.Interface-IComparable_T\OOP.Interface-IComparable_T.csproj", "{821C163F-26AA-41FF-A458-782976A95651}"
EndProject
Project("{9A19103F-16F7-4668-BE54-9A1E7A4F7556}") = "OOP.Interface-GetEnumerate_App", "OOP.Interface-GetEnumerate_App\OOP.Interface-GetEnumerate_App.csproj", "{218E349F-AFA8-4BBD-81AE-7998D345A7A6}"
EndProject
Project("{9A19103F-16F7-4668-BE54-9A1E7A4F7556}") = "OOP.Interface-IEnumerable_App", "OOP.Interface-IEnumerable_App\OOP.Interface-IEnumerable_App.csproj", "{FEF3AB18-2F69-44A0-BCAD-FAD72464FE5F}"
EndProject
Project("{9A19103F-16F7-4668-BE54-9A1E7A4F7556}") = "OOP.Interface-LooselyCoupled", "OOP.Interface-LooselyCoupled\OOP.Interface-LooselyCoupled.csproj", "{D864A355-AD44-400A-8200-1DCF5E3AE24C}"
EndProject
Project("{9A19103F-16F7-4668-BE54-9A1E7A4F7556}") = "OOP.Interface-Segregation", "OOP.Interface-Segregation\OOP.Interface-Segregation.csproj", "{18F8E52E-B08C-46E1-B4A3-720BDB5345EF}"
EndProject
Project("{9A19103F-16F7-4668-BE54-9A1E7A4F7556}") = "OOP.Generic-DiziApp", "OOP.Generic-DiziApp\OOP.Generic-DiziApp.csproj", "{CEDD7498-311A-4B2F-8806-862B0F897A2F}"
EndProject
Project("{9A19103F-16F7-4668-BE54-9A1E7A4F7556}") = "OOP.GenericAndNonGeneric", "OOP.GenericAndNonGeneric\OOP.GenericAndNonGeneric.csproj", "{45A36425-5CA5-4783-91F9-95F245502805}"
EndProject
Project("{9A19103F-16F7-4668-BE54-9A1E7A4F7556}") = "OOP.GenericCollection", "OOP.GenericCollection\OOP.GenericCollection.csproj", "{59C513FB-7427-48E9-B236-26A7963483D3}"
EndProject
Project("{9A19103F-16F7-4668-BE54-9A1E7A4F7556}") = "OOP.GenericAndStruct", "OOP.GenericAndStruct\OOP.GenericAndStruct.csproj", "{B7893AF0-4FF3-463C-99C9-620F4B15FAA8}"
EndProject
Project("{9A19103F-16F7-4668-BE54-9A1E7A4F7556}") = "OOP.GenericConstraints", "OOP.GenericConstraints\OOP.GenericConstraints.csproj", "{F9AC497F-C0BA-4E35-B6DB-37C6CA478988}"
EndProject
Project("{9A19103F-16F7-4668-BE54-9A1E7A4F7556}") = "OOP.GenericRepositoryDesignPattern", "OOP.GenericRepositoryDesignPattern\OOP.GenericRepositoryDesignPattern.csproj", "{AEA9B127-49DF-401C-8C86-171A0493B682}"
EndProject
Project("{FAE04EC0-301F-11D3-BF4B-00C04F79EFBC}") = "OOP.ADONET", "OOP.ADONET\OOP.ADONET.csproj", "{12FF9D6D-F3CF-421E-8D6F-BAD4917AE3C3}"
EndProject
Global
	GlobalSection(SolutionConfigurationPlatforms) = preSolution
		Debug|Any CPU = Debug|Any CPU
		Release|Any CPU = Release|Any CPU
	EndGlobalSection
	GlobalSection(ProjectConfigurationPlatforms) = postSolution
		{CF267BB1-6BC8-4D1C-AE64-6D3FD83808AF}.Debug|Any CPU.ActiveCfg = Debug|Any CPU
		{CF267BB1-6BC8-4D1C-AE64-6D3FD83808AF}.Debug|Any CPU.Build.0 = Debug|Any CPU
		{CF267BB1-6BC8-4D1C-AE64-6D3FD83808AF}.Release|Any CPU.ActiveCfg = Release|Any CPU
		{CF267BB1-6BC8-4D1C-AE64-6D3FD83808AF}.Release|Any CPU.Build.0 = Release|Any CPU
		{5B2F4FC6-40CC-4A4E-9A40-5DB0A84BDE6F}.Debug|Any CPU.ActiveCfg = Debug|Any CPU
		{5B2F4FC6-40CC-4A4E-9A40-5DB0A84BDE6F}.Debug|Any CPU.Build.0 = Debug|Any CPU
		{5B2F4FC6-40CC-4A4E-9A40-5DB0A84BDE6F}.Release|Any CPU.ActiveCfg = Release|Any CPU
		{5B2F4FC6-40CC-4A4E-9A40-5DB0A84BDE6F}.Release|Any CPU.Build.0 = Release|Any CPU
		{E51F156C-61CA-460A-9002-1E16813EA0B3}.Debug|Any CPU.ActiveCfg = Debug|Any CPU
		{E51F156C-61CA-460A-9002-1E16813EA0B3}.Debug|Any CPU.Build.0 = Debug|Any CPU
		{E51F156C-61CA-460A-9002-1E16813EA0B3}.Release|Any CPU.ActiveCfg = Release|Any CPU
		{E51F156C-61CA-460A-9002-1E16813EA0B3}.Release|Any CPU.Build.0 = Release|Any CPU
		{37C3AAEA-8AA6-41CC-BD59-9D062E64D76D}.Debug|Any CPU.ActiveCfg = Debug|Any CPU
		{37C3AAEA-8AA6-41CC-BD59-9D062E64D76D}.Debug|Any CPU.Build.0 = Debug|Any CPU
		{37C3AAEA-8AA6-41CC-BD59-9D062E64D76D}.Release|Any CPU.ActiveCfg = Release|Any CPU
		{37C3AAEA-8AA6-41CC-BD59-9D062E64D76D}.Release|Any CPU.Build.0 = Release|Any CPU
		{5EF66164-8324-43C7-A6A7-0E0C3F7A46B9}.Debug|Any CPU.ActiveCfg = Debug|Any CPU
		{5EF66164-8324-43C7-A6A7-0E0C3F7A46B9}.Debug|Any CPU.Build.0 = Debug|Any CPU
		{5EF66164-8324-43C7-A6A7-0E0C3F7A46B9}.Release|Any CPU.ActiveCfg = Release|Any CPU
		{5EF66164-8324-43C7-A6A7-0E0C3F7A46B9}.Release|Any CPU.Build.0 = Release|Any CPU
		{45D132D4-A948-4F88-A5B6-302DEB3C6387}.Debug|Any CPU.ActiveCfg = Debug|Any CPU
		{45D132D4-A948-4F88-A5B6-302DEB3C6387}.Debug|Any CPU.Build.0 = Debug|Any CPU
		{45D132D4-A948-4F88-A5B6-302DEB3C6387}.Release|Any CPU.ActiveCfg = Release|Any CPU
		{45D132D4-A948-4F88-A5B6-302DEB3C6387}.Release|Any CPU.Build.0 = Release|Any CPU
		{C1345F21-4718-4A14-9E08-52942922CE23}.Debug|Any CPU.ActiveCfg = Debug|Any CPU
		{C1345F21-4718-4A14-9E08-52942922CE23}.Debug|Any CPU.Build.0 = Debug|Any CPU
		{C1345F21-4718-4A14-9E08-52942922CE23}.Release|Any CPU.ActiveCfg = Release|Any CPU
		{C1345F21-4718-4A14-9E08-52942922CE23}.Release|Any CPU.Build.0 = Release|Any CPU
		{821C163F-26AA-41FF-A458-782976A95651}.Debug|Any CPU.ActiveCfg = Debug|Any CPU
		{821C163F-26AA-41FF-A458-782976A95651}.Debug|Any CPU.Build.0 = Debug|Any CPU
		{821C163F-26AA-41FF-A458-782976A95651}.Release|Any CPU.ActiveCfg = Release|Any CPU
		{821C163F-26AA-41FF-A458-782976A95651}.Release|Any CPU.Build.0 = Release|Any CPU
		{218E349F-AFA8-4BBD-81AE-7998D345A7A6}.Debug|Any CPU.ActiveCfg = Debug|Any CPU
		{218E349F-AFA8-4BBD-81AE-7998D345A7A6}.Debug|Any CPU.Build.0 = Debug|Any CPU
		{218E349F-AFA8-4BBD-81AE-7998D345A7A6}.Release|Any CPU.ActiveCfg = Release|Any CPU
		{218E349F-AFA8-4BBD-81AE-7998D345A7A6}.Release|Any CPU.Build.0 = Release|Any CPU
		{FEF3AB18-2F69-44A0-BCAD-FAD72464FE5F}.Debug|Any CPU.ActiveCfg = Debug|Any CPU
		{FEF3AB18-2F69-44A0-BCAD-FAD72464FE5F}.Debug|Any CPU.Build.0 = Debug|Any CPU
		{FEF3AB18-2F69-44A0-BCAD-FAD72464FE5F}.Release|Any CPU.ActiveCfg = Release|Any CPU
		{FEF3AB18-2F69-44A0-BCAD-FAD72464FE5F}.Release|Any CPU.Build.0 = Release|Any CPU
		{D864A355-AD44-400A-8200-1DCF5E3AE24C}.Debug|Any CPU.ActiveCfg = Debug|Any CPU
		{D864A355-AD44-400A-8200-1DCF5E3AE24C}.Debug|Any CPU.Build.0 = Debug|Any CPU
		{D864A355-AD44-400A-8200-1DCF5E3AE24C}.Release|Any CPU.ActiveCfg = Release|Any CPU
		{D864A355-AD44-400A-8200-1DCF5E3AE24C}.Release|Any CPU.Build.0 = Release|Any CPU
		{18F8E52E-B08C-46E1-B4A3-720BDB5345EF}.Debug|Any CPU.ActiveCfg = Debug|Any CPU
		{18F8E52E-B08C-46E1-B4A3-720BDB5345EF}.Debug|Any CPU.Build.0 = Debug|Any CPU
		{18F8E52E-B08C-46E1-B4A3-720BDB5345EF}.Release|Any CPU.ActiveCfg = Release|Any CPU
		{18F8E52E-B08C-46E1-B4A3-720BDB5345EF}.Release|Any CPU.Build.0 = Release|Any CPU
		{CEDD7498-311A-4B2F-8806-862B0F897A2F}.Debug|Any CPU.ActiveCfg = Debug|Any CPU
		{CEDD7498-311A-4B2F-8806-862B0F897A2F}.Debug|Any CPU.Build.0 = Debug|Any CPU
		{CEDD7498-311A-4B2F-8806-862B0F897A2F}.Release|Any CPU.ActiveCfg = Release|Any CPU
		{CEDD7498-311A-4B2F-8806-862B0F897A2F}.Release|Any CPU.Build.0 = Release|Any CPU
		{45A36425-5CA5-4783-91F9-95F245502805}.Debug|Any CPU.ActiveCfg = Debug|Any CPU
		{45A36425-5CA5-4783-91F9-95F245502805}.Debug|Any CPU.Build.0 = Debug|Any CPU
		{45A36425-5CA5-4783-91F9-95F245502805}.Release|Any CPU.ActiveCfg = Release|Any CPU
		{45A36425-5CA5-4783-91F9-95F245502805}.Release|Any CPU.Build.0 = Release|Any CPU
		{59C513FB-7427-48E9-B236-26A7963483D3}.Debug|Any CPU.ActiveCfg = Debug|Any CPU
		{59C513FB-7427-48E9-B236-26A7963483D3}.Debug|Any CPU.Build.0 = Debug|Any CPU
		{59C513FB-7427-48E9-B236-26A7963483D3}.Release|Any CPU.ActiveCfg = Release|Any CPU
		{59C513FB-7427-48E9-B236-26A7963483D3}.Release|Any CPU.Build.0 = Release|Any CPU
		{B7893AF0-4FF3-463C-99C9-620F4B15FAA8}.Debug|Any CPU.ActiveCfg = Debug|Any CPU
		{B7893AF0-4FF3-463C-99C9-620F4B15FAA8}.Debug|Any CPU.Build.0 = Debug|Any CPU
		{B7893AF0-4FF3-463C-99C9-620F4B15FAA8}.Release|Any CPU.ActiveCfg = Release|Any CPU
		{B7893AF0-4FF3-463C-99C9-620F4B15FAA8}.Release|Any CPU.Build.0 = Release|Any CPU
		{F9AC497F-C0BA-4E35-B6DB-37C6CA478988}.Debug|Any CPU.ActiveCfg = Debug|Any CPU
		{F9AC497F-C0BA-4E35-B6DB-37C6CA478988}.Debug|Any CPU.Build.0 = Debug|Any CPU
		{F9AC497F-C0BA-4E35-B6DB-37C6CA478988}.Release|Any CPU.ActiveCfg = Release|Any CPU
		{F9AC497F-C0BA-4E35-B6DB-37C6CA478988}.Release|Any CPU.Build.0 = Release|Any CPU
		{AEA9B127-49DF-401C-8C86-171A0493B682}.Debug|Any CPU.ActiveCfg = Debug|Any CPU
		{AEA9B127-49DF-401C-8C86-171A0493B682}.Debug|Any CPU.Build.0 = Debug|Any CPU
		{AEA9B127-49DF-401C-8C86-171A0493B682}.Release|Any CPU.ActiveCfg = Release|Any CPU
		{AEA9B127-49DF-401C-8C86-171A0493B682}.Release|Any CPU.Build.0 = Release|Any CPU
		{12FF9D6D-F3CF-421E-8D6F-BAD4917AE3C3}.Debug|Any CPU.ActiveCfg = Debug|Any CPU
		{12FF9D6D-F3CF-421E-8D6F-BAD4917AE3C3}.Debug|Any CPU.Build.0 = Debug|Any CPU
		{12FF9D6D-F3CF-421E-8D6F-BAD4917AE3C3}.Release|Any CPU.ActiveCfg = Release|Any CPU
		{12FF9D6D-F3CF-421E-8D6F-BAD4917AE3C3}.Release|Any CPU.Build.0 = Release|Any CPU
	EndGlobalSection
	GlobalSection(SolutionProperties) = preSolution
		HideSolutionNode = FALSE
	EndGlobalSection
	GlobalSection(ExtensibilityGlobals) = postSolution
		SolutionGuid = {D1846720-51BF-4C3E-B81F-1610E3A412C2}
	EndGlobalSection
EndGlobal
